
Microsoft Visual Studio Solution File, Format Version 12.00
# Visual Studio 15
VisualStudioVersion = 15.0.27703.2000
MinimumVisualStudioVersion = 10.0.40219.1
Project("{FAE04EC0-301F-11D3-BF4B-00C04F79EFBC}") = "WebUI", "WebUI\WebUI.csproj", "{D7D5BC6B-8296-4FAF-9C2E-9873DC798443}"
EndProject
Project("{FAE04EC0-301F-11D3-BF4B-00C04F79EFBC}") = "Domain", "Domain\Domain.csproj", "{F8C21AD3-F537-43C6-835D-75D062622CBF}"
EndProject
Project("{FAE04EC0-301F-11D3-BF4B-00C04F79EFBC}") = "Service", "Service\Service.csproj", "{A61F13FD-35EF-489A-8145-99658F6DCACA}"
EndProject
Global
	GlobalSection(SolutionConfigurationPlatforms) = preSolution
		Debug|Any CPU = Debug|Any CPU
		Release|Any CPU = Release|Any CPU
	EndGlobalSection
	GlobalSection(ProjectConfigurationPlatforms) = postSolution
		{D7D5BC6B-8296-4FAF-9C2E-9873DC798443}.Debug|Any CPU.ActiveCfg = Debug|Any CPU
		{D7D5BC6B-8296-4FAF-9C2E-9873DC798443}.Debug|Any CPU.Build.0 = Debug|Any CPU
		{D7D5BC6B-8296-4FAF-9C2E-9873DC798443}.Release|Any CPU.ActiveCfg = Release|Any CPU
		{D7D5BC6B-8296-4FAF-9C2E-9873DC798443}.Release|Any CPU.Build.0 = Release|Any CPU
		{F8C21AD3-F537-43C6-835D-75D062622CBF}.Debug|Any CPU.ActiveCfg = Debug|Any CPU
		{F8C21AD3-F537-43C6-835D-75D062622CBF}.Debug|Any CPU.Build.0 = Debug|Any CPU
		{F8C21AD3-F537-43C6-835D-75D062622CBF}.Release|Any CPU.ActiveCfg = Release|Any CPU
		{F8C21AD3-F537-43C6-835D-75D062622CBF}.Release|Any CPU.Build.0 = Release|Any CPU
		{A61F13FD-35EF-489A-8145-99658F6DCACA}.Debug|Any CPU.ActiveCfg = Debug|Any CPU
		{A61F13FD-35EF-489A-8145-99658F6DCACA}.Debug|Any CPU.Build.0 = Debug|Any CPU
		{A61F13FD-35EF-489A-8145-99658F6DCACA}.Release|Any CPU.ActiveCfg = Release|Any CPU
		{A61F13FD-35EF-489A-8145-99658F6DCACA}.Release|Any CPU.Build.0 = Release|Any CPU
	EndGlobalSection
	GlobalSection(SolutionProperties) = preSolution
		HideSolutionNode = FALSE
	EndGlobalSection
	GlobalSection(ExtensibilityGlobals) = postSolution
		SolutionGuid = {DCC4E322-CDBA-4966-B3FA-5DFAF3EF5BA7}
	EndGlobalSection
	GlobalSection(TeamFoundationVersionControl) = preSolution
		SccNumberOfProjects = 4
		SccEnterpriseProvider = {4CA58AB2-18FA-4F8D-95D4-32DDF27D184C}
		SccTeamFoundationServer = https://hungnvtfs.visualstudio.com/
		SccLocalPath0 = .
		SccProjectUniqueName1 = Domain\\Domain.csproj
		SccProjectName1 = Domain
		SccLocalPath1 = Domain
		SccProjectUniqueName2 = WebUI\\WebUI.csproj
		SccProjectName2 = WebUI
		SccLocalPath2 = WebUI
		SccProjectUniqueName3 = Service\\Service.csproj
		SccProjectName3 = Service
		SccLocalPath3 = Service
	EndGlobalSection
EndGlobal
